
Microsoft Visual Studio Solution File, Format Version 12.00
# Visual Studio Version 16
VisualStudioVersion = 16.0.31729.503
MinimumVisualStudioVersion = 10.0.40219.1
Project("{9A19103F-16F7-4668-BE54-9A1E7A4F7556}") = "client", "client\client.csproj", "{C6C428F9-48BD-4F04-8532-5754E0B751C7}"
EndProject
Project("{9A19103F-16F7-4668-BE54-9A1E7A4F7556}") = "common", "common\common.csproj", "{BA1943FB-6632-422E-99F4-3830D972D05E}"
EndProject
Project("{9A19103F-16F7-4668-BE54-9A1E7A4F7556}") = "NetMQ", "netmq\src\NetMQ\NetMQ.csproj", "{0C0E5C38-160B-4BBF-8D45-60A6823FA026}"
EndProject
Global
	GlobalSection(SolutionConfigurationPlatforms) = preSolution
		Debug|Any CPU = Debug|Any CPU
		Release|Any CPU = Release|Any CPU
	EndGlobalSection
	GlobalSection(ProjectConfigurationPlatforms) = postSolution
		{C6C428F9-48BD-4F04-8532-5754E0B751C7}.Debug|Any CPU.ActiveCfg = Debug|Any CPU
		{C6C428F9-48BD-4F04-8532-5754E0B751C7}.Debug|Any CPU.Build.0 = Debug|Any CPU
		{C6C428F9-48BD-4F04-8532-5754E0B751C7}.Release|Any CPU.ActiveCfg = Release|Any CPU
		{C6C428F9-48BD-4F04-8532-5754E0B751C7}.Release|Any CPU.Build.0 = Release|Any CPU
		{BA1943FB-6632-422E-99F4-3830D972D05E}.Debug|Any CPU.ActiveCfg = Debug|Any CPU
		{BA1943FB-6632-422E-99F4-3830D972D05E}.Debug|Any CPU.Build.0 = Debug|Any CPU
		{BA1943FB-6632-422E-99F4-3830D972D05E}.Release|Any CPU.ActiveCfg = Release|Any CPU
		{BA1943FB-6632-422E-99F4-3830D972D05E}.Release|Any CPU.Build.0 = Release|Any CPU
		{0C0E5C38-160B-4BBF-8D45-60A6823FA026}.Debug|Any CPU.ActiveCfg = Debug|Any CPU
		{0C0E5C38-160B-4BBF-8D45-60A6823FA026}.Debug|Any CPU.Build.0 = Debug|Any CPU
		{0C0E5C38-160B-4BBF-8D45-60A6823FA026}.Release|Any CPU.ActiveCfg = Release|Any CPU
		{0C0E5C38-160B-4BBF-8D45-60A6823FA026}.Release|Any CPU.Build.0 = Release|Any CPU
	EndGlobalSection
	GlobalSection(SolutionProperties) = preSolution
		HideSolutionNode = FALSE
	EndGlobalSection
	GlobalSection(ExtensibilityGlobals) = postSolution
		SolutionGuid = {3CD9B9BB-4BB5-45F9-B183-BDE8E49599DF}
	EndGlobalSection
EndGlobal
